{
  "version": 4,
  "terraform_version": "1.14.6",
  "serial": 18,
  "lineage": "f2d3250a-6cd3-5f8e-33e4-ef97608f41ea",
  "outputs": {
    "compartment_id": {
      "value": "ocid1.compartment.oc1..aaaaaaaaptbqghnjrpepli2e4xh75ahomy36ureep4ri2cbt2bbjypq6l4ua",
      "type": "string"
    },
    "instance_id": {
      "value": "ocid1.instance.oc1.iad.anuwcljsx27rnlqcbz4cbzb5xxcqseumu7etn6iduujrmxaeiwgmmhggnsza",
      "type": "string"
    },
    "instance_public_ip": {
      "value": "132.145.158.35",
      "type": "string"
    },
    "subnet_id": {
      "value": "ocid1.subnet.oc1.iad.aaaaaaaacoppjjgejo5mu3vbworcs6lplnmje24ocbr2uwd3r6x6shirdeca",
      "type": "string"
    },
    "vcn_id": {
      "value": "ocid1.vcn.oc1.iad.amaaaaaax27rnlqashue2wmls526ufjnw36aszaftfn2aovipdlypencrw2a",
      "type": "string"
    }
  },
  "resources": [
    {
      "mode": "data",
      "type": "oci_core_images",
      "name": "ubuntu",
      "provider": "provider[\"registry.terraform.io/oracle/oci\"]",
      "instances": [
        {
          "schema_version": 0,
          "attributes": {
            "compartment_id": "ocid1.tenancy.oc1..aaaaaaaatcvykas37ojkbz4bpgi4igol4vgvpzfvgo3n277zsbvt54tkx52q",
            "display_name": null,
            "filter": null,
            "id": "CoreImagesDataSource-3360454218",
            "images": [
              {
                "agent_features": [],
                "base_image_id": "",
                "billable_size_in_gbs": "3",
                "compartment_id": "",
                "create_image_allowed": true,
                "defined_tags": {},
                "display_name": "Canonical-Ubuntu-24.04-aarch64-2026.02.28-0",
                "freeform_tags": {},
                "id": "ocid1.image.oc1.iad.aaaaaaaaccnswiekwi4w3pkmygjvfk24epduwj7uvq2smjmznu4kq6dcs27a",
                "image_source_details": [],
                "instance_id": "",
                "launch_mode": "NATIVE",
                "launch_options": [
                  {
                    "boot_volume_type": "PARAVIRTUALIZED",
                    "firmware": "UEFI_64",
                    "is_consistent_volume_naming_enabled": true,
                    "is_pv_encryption_in_transit_enabled": true,
                    "network_type": "PARAVIRTUALIZED",
                    "remote_data_volume_type": "PARAVIRTUALIZED"
                  }
                ],
                "listing_type": "",
                "operating_system": "Canonical Ubuntu",
                "operating_system_version": "24.04",
                "size_in_mbs": "47694",
                "state": "AVAILABLE",
                "time_created": "2026-03-04 23:56:59.816 +0000 UTC"
              },
              {
                "agent_features": [],
                "base_image_id": "",
                "billable_size_in_gbs": "3",
                "compartment_id": "",
                "create_image_allowed": true,
                "defined_tags": {},
                "display_name": "Canonical-Ubuntu-24.04-aarch64-2026.01.29-0",
                "freeform_tags": {},
                "id": "ocid1.image.oc1.iad.aaaaaaaa5hgxi6voge43kultiindj3cbcnsimyatvlmq7wt5sbm6voo2ln3a",
                "image_source_details": [],
                "instance_id": "",
                "launch_mode": "NATIVE",
                "launch_options": [
                  {
                    "boot_volume_type": "PARAVIRTUALIZED",
                    "firmware": "UEFI_64",
                    "is_consistent_volume_naming_enabled": true,
                    "is_pv_encryption_in_transit_enabled": true,
                    "network_type": "PARAVIRTUALIZED",
                    "remote_data_volume_type": "PARAVIRTUALIZED"
                  }
                ],
                "listing_type": "",
                "operating_system": "Canonical Ubuntu",
                "operating_system_version": "24.04",
                "size_in_mbs": "47694",
                "state": "AVAILABLE",
                "time_created": "2026-02-06 18:43:56.398 +0000 UTC"
              },
              {
                "agent_features": [],
                "base_image_id": "",
                "billable_size_in_gbs": "2",
                "compartment_id": "",
                "create_image_allowed": true,
                "defined_tags": {},
                "display_name": "Canonical-Ubuntu-24.04-aarch64-2025.10.31-0",
                "freeform_tags": {},
                "id": "ocid1.image.oc1.iad.aaaaaaaaawgpyvs3zh7tu5343gpj45yqcj6hosrmrgvo5xovc7dvjwgi4vaq",
                "image_source_details": [],
                "instance_id": "",
                "launch_mode": "NATIVE",
                "launch_options": [
                  {
                    "boot_volume_type": "PARAVIRTUALIZED",
                    "firmware": "UEFI_64",
                    "is_consistent_volume_naming_enabled": true,
                    "is_pv_encryption_in_transit_enabled": true,
                    "network_type": "PARAVIRTUALIZED",
                    "remote_data_volume_type": "PARAVIRTUALIZED"
                  }
                ],
                "listing_type": "",
                "operating_system": "Canonical Ubuntu",
                "operating_system_version": "24.04",
                "size_in_mbs": "47694",
                "state": "AVAILABLE",
                "time_created": "2025-11-11 05:23:39.017 +0000 UTC"
              }
            ],
            "operating_system": "Canonical Ubuntu",
            "operating_system_version": "24.04",
            "shape": "VM.Standard.A2.Flex",
            "sort_by": "TIMECREATED",
            "sort_order": "DESC",
            "state": null
          },
          "sensitive_attributes": [],
          "identity_schema_version": 0
        }
      ]
    },
    {
      "mode": "data",
      "type": "oci_core_vnic",
      "name": "defisys_primary",
      "provider": "provider[\"registry.terraform.io/oracle/oci\"]",
      "instances": [
        {
          "schema_version": 0,
          "attributes": {
            "availability_domain": "IgOd:US-ASHBURN-AD-1",
            "compartment_id": "ocid1.compartment.oc1..aaaaaaaaptbqghnjrpepli2e4xh75ahomy36ureep4ri2cbt2bbjypq6l4ua",
            "defined_tags": {
              "Oracle-Tags.CreatedBy": "default/marcelo.kadats@gmail.com",
              "Oracle-Tags.CreatedOn": "2026-04-11T19:02:48.370Z"
            },
            "display_name": "defisys",
            "freeform_tags": {},
            "hostname_label": null,
            "id": "ocid1.vnic.oc1.iad.abuwcljsofqrhdu2cg7w3brk5r6etofnzqkuy2rfxz3sdn6ok2orwnxz5o6q",
            "ipv6addresses": [],
            "is_primary": true,
            "mac_address": "02:00:17:16:64:0D",
            "nsg_ids": [],
            "private_ip_address": "10.0.1.84",
            "public_ip_address": "132.145.158.35",
            "route_table_id": null,
            "security_attributes": {},
            "skip_source_dest_check": false,
            "state": "AVAILABLE",
            "subnet_id": "ocid1.subnet.oc1.iad.aaaaaaaacoppjjgejo5mu3vbworcs6lplnmje24ocbr2uwd3r6x6shirdeca",
            "time_created": "2026-04-11 19:02:51.141 +0000 UTC",
            "vlan_id": null,
            "vnic_id": "ocid1.vnic.oc1.iad.abuwcljsofqrhdu2cg7w3brk5r6etofnzqkuy2rfxz3sdn6ok2orwnxz5o6q"
          },
          "sensitive_attributes": [],
          "identity_schema_version": 0
        }
      ]
    },
    {
      "mode": "data",
      "type": "oci_core_vnic_attachments",
      "name": "defisys",
      "provider": "provider[\"registry.terraform.io/oracle/oci\"]",
      "instances": [
        {
          "schema_version": 0,
          "attributes": {
            "availability_domain": null,
            "compartment_id": "ocid1.compartment.oc1..aaaaaaaaptbqghnjrpepli2e4xh75ahomy36ureep4ri2cbt2bbjypq6l4ua",
            "filter": null,
            "id": "CoreVnicAttachmentsDataSource-1232643310",
            "instance_id": "ocid1.instance.oc1.iad.anuwcljsx27rnlqcbz4cbzb5xxcqseumu7etn6iduujrmxaeiwgmmhggnsza",
            "vnic_attachments": [
              {
                "availability_domain": "IgOd:US-ASHBURN-AD-1",
                "compartment_id": "ocid1.compartment.oc1..aaaaaaaaptbqghnjrpepli2e4xh75ahomy36ureep4ri2cbt2bbjypq6l4ua",
                "create_vnic_details": [],
                "display_name": "",
                "id": "ocid1.vnicattachment.oc1.iad.anuwcljsx27rnlqcq3tn4p2yiylzm6ts57paomliclzs4gqaevwcggq5sw5q",
                "instance_id": "ocid1.instance.oc1.iad.anuwcljsx27rnlqcbz4cbzb5xxcqseumu7etn6iduujrmxaeiwgmmhggnsza",
                "nic_index": 0,
                "state": "ATTACHED",
                "subnet_id": "ocid1.subnet.oc1.iad.aaaaaaaacoppjjgejo5mu3vbworcs6lplnmje24ocbr2uwd3r6x6shirdeca",
                "time_created": "2026-04-11 19:02:51.421 +0000 UTC",
                "vlan_id": "",
                "vlan_tag": 3971,
                "vnic_id": "ocid1.vnic.oc1.iad.abuwcljsofqrhdu2cg7w3brk5r6etofnzqkuy2rfxz3sdn6ok2orwnxz5o6q"
              }
            ],
            "vnic_id": null
          },
          "sensitive_attributes": [],
          "identity_schema_version": 0
        }
      ]
    },
    {
      "mode": "data",
      "type": "oci_identity_availability_domains",
      "name": "ads",
      "provider": "provider[\"registry.terraform.io/oracle/oci\"]",
      "instances": [
        {
          "schema_version": 0,
          "attributes": {
            "availability_domains": [
              {
                "compartment_id": "ocid1.tenancy.oc1..aaaaaaaatcvykas37ojkbz4bpgi4igol4vgvpzfvgo3n277zsbvt54tkx52q",
                "id": "ocid1.availabilitydomain.oc1..aaaaaaaaztunlny6ae4yw2vghp5go2zceaonwp6wiioe3tnh2vlaxjjl2n3a",
                "name": "IgOd:US-ASHBURN-AD-1"
              },
              {
                "compartment_id": "ocid1.tenancy.oc1..aaaaaaaatcvykas37ojkbz4bpgi4igol4vgvpzfvgo3n277zsbvt54tkx52q",
                "id": "ocid1.availabilitydomain.oc1..aaaaaaaatrwxaogr7dl4yschqtrmqrdv6uzis3mgbnomiagqrfhcb7mxsfdq",
                "name": "IgOd:US-ASHBURN-AD-2"
              },
              {
                "compartment_id": "ocid1.tenancy.oc1..aaaaaaaatcvykas37ojkbz4bpgi4igol4vgvpzfvgo3n277zsbvt54tkx52q",
                "id": "ocid1.availabilitydomain.oc1..aaaaaaaauvt2n7pijol7uqgdnnsoojcukrijtmcltvfwxazmitk235wyohta",
                "name": "IgOd:US-ASHBURN-AD-3"
              }
            ],
            "compartment_id": "ocid1.tenancy.oc1..aaaaaaaatcvykas37ojkbz4bpgi4igol4vgvpzfvgo3n277zsbvt54tkx52q",
            "filter": null,
            "id": "IdentityAvailabilityDomainsDataSource-2170034021"
          },
          "sensitive_attributes": [],
          "identity_schema_version": 0
        }
      ]
    },
    {
      "mode": "managed",
      "type": "oci_core_instance",
      "name": "defisys",
      "provider": "provider[\"registry.terraform.io/oracle/oci\"]",
      "instances": [
        {
          "schema_version": 0,
          "attributes": {
            "agent_config": [
              {
                "are_all_plugins_disabled": false,
                "is_management_disabled": false,
                "is_monitoring_disabled": false,
                "plugins_config": []
              }
            ],
            "async": null,
            "availability_config": [
              {
                "is_live_migration_preferred": false,
                "recovery_action": "RESTORE_INSTANCE"
              }
            ],
            "availability_domain": "IgOd:US-ASHBURN-AD-1",
            "boot_volume_id": "ocid1.bootvolume.oc1.iad.abuwcljsutsfsfhlxt4kqpj4ovvhzsewhwviebobvj2ctg663zqwlmkm6y3q",
            "capacity_reservation_id": null,
            "cluster_placement_group_id": null,
            "compartment_id": "ocid1.compartment.oc1..aaaaaaaaptbqghnjrpepli2e4xh75ahomy36ureep4ri2cbt2bbjypq6l4ua",
            "compute_cluster_id": null,
            "create_vnic_details": [
              {
                "assign_ipv6ip": false,
                "assign_private_dns_record": false,
                "assign_public_ip": "true",
                "defined_tags": {
                  "Oracle-Tags.CreatedBy": "default/marcelo.kadats@gmail.com",
                  "Oracle-Tags.CreatedOn": "2026-04-11T19:02:48.370Z"
                },
                "display_name": "defisys",
                "freeform_tags": {},
                "hostname_label": "",
                "ipv6address_ipv6subnet_cidr_pair_details": [],
                "nsg_ids": [],
                "private_ip": "10.0.1.84",
                "private_ip_id": "",
                "security_attributes": {},
                "skip_source_dest_check": false,
                "subnet_cidr": "",
                "subnet_id": "ocid1.subnet.oc1.iad.aaaaaaaacoppjjgejo5mu3vbworcs6lplnmje24ocbr2uwd3r6x6shirdeca",
                "vlan_id": ""
              }
            ],
            "dedicated_vm_host_id": null,
            "defined_tags": {
              "Oracle-Tags.CreatedBy": "default/marcelo.kadats@gmail.com",
              "Oracle-Tags.CreatedOn": "2026-04-11T19:02:48.253Z"
            },
            "display_name": "defisys",
            "extended_metadata": {},
            "fault_domain": "FAULT-DOMAIN-3",
            "freeform_tags": {},
            "hostname_label": "",
            "id": "ocid1.instance.oc1.iad.anuwcljsx27rnlqcbz4cbzb5xxcqseumu7etn6iduujrmxaeiwgmmhggnsza",
            "image": "ocid1.image.oc1.iad.aaaaaaaaccnswiekwi4w3pkmygjvfk24epduwj7uvq2smjmznu4kq6dcs27a",
            "instance_configuration_id": null,
            "instance_options": [
              {
                "are_legacy_imds_endpoints_disabled": false
              }
            ],
            "ipxe_script": null,
            "is_ai_enterprise_enabled": null,
            "is_cross_numa_node": false,
            "is_pv_encryption_in_transit_enabled": null,
            "launch_mode": "PARAVIRTUALIZED",
            "launch_options": [
              {
                "boot_volume_type": "PARAVIRTUALIZED",
                "firmware": "UEFI_64",
                "is_consistent_volume_naming_enabled": true,
                "is_pv_encryption_in_transit_enabled": false,
                "network_type": "PARAVIRTUALIZED",
                "remote_data_volume_type": "PARAVIRTUALIZED"
              }
            ],
            "launch_volume_attachments": [],
            "licensing_configs": [],
            "metadata": {
              "ssh_authorized_keys": "ssh-rsa AAAAB3NzaC1yc2EAAAADAQABAAABAQDLxRcVSt99jtfeo4MrQPBW0G1LKj5wAMO1/7L9McTJZMc/EOS7AeYtWESTfZGZ8Nn82e+fAXrNvlM+D5Uw6pcYecHOkSyc/ILQAKkj3n8X0fr9tdYnT+c5BKMC7AXUOy9GoWDxoNex4KX5sq4n3prL38JxI34xMEDvnWUQSQSefd4VsHTRlf86KeawZYm63ePpOBilGoE6VLE48KZZh7zvLxmRSzTGNIho93XBI3MsW71peULJT2fVQ4E0naLIGlvtltg2d2C+AkwTAIEfK0eR9uFdzwjJ1jVGZueKXtOY0FI+/IqSvxsD14UQ7EBMRpTrndYKhzr1uHJhfYySxa53 luckstyle@laptop-luck\n"
            },
            "placement_constraint_details": [],
            "platform_config": [],
            "preemptible_instance_config": [],
            "preserve_boot_volume": null,
            "preserve_data_volumes_created_at_launch": null,
            "private_ip": "10.0.1.84",
            "public_ip": "132.145.158.35",
            "region": "iad",
            "security_attributes": {},
            "security_attributes_state": "STABLE",
            "shape": "VM.Standard.A2.Flex",
            "shape_config": [
              {
                "baseline_ocpu_utilization": "",
                "gpu_description": "",
                "gpus": 0,
                "local_disk_description": "",
                "local_disks": 0,
                "local_disks_total_size_in_gbs": 0,
                "max_vnic_attachments": 4,
                "memory_in_gbs": 12,
                "networking_bandwidth_in_gbps": 2,
                "nvmes": 0,
                "ocpus": 2,
                "processor_description": "3.0 GHz Ampere® AmpereOne™ (Siryn™)",
                "resource_management": "",
                "vcpus": 4
              }
            ],
            "source_details": [
              {
                "boot_volume_size_in_gbs": "200",
                "boot_volume_vpus_per_gb": "10",
                "instance_source_image_filter_details": [],
                "is_preserve_boot_volume_enabled": false,
                "kms_key_id": "",
                "source_id": "ocid1.image.oc1.iad.aaaaaaaaccnswiekwi4w3pkmygjvfk24epduwj7uvq2smjmznu4kq6dcs27a",
                "source_type": "image"
              }
            ],
            "state": "RUNNING",
            "subnet_id": "ocid1.subnet.oc1.iad.aaaaaaaacoppjjgejo5mu3vbworcs6lplnmje24ocbr2uwd3r6x6shirdeca",
            "system_tags": {},
            "time_created": "2026-04-11 19:02:48.848 +0000 UTC",
            "time_maintenance_reboot_due": "",
            "timeouts": null,
            "update_operation_constraint": null
          },
          "sensitive_attributes": [],
          "identity_schema_version": 0,
          "private": "eyJlMmJmYjczMC1lY2FhLTExZTYtOGY4OC0zNDM2M2JjN2M0YzAiOnsiY3JlYXRlIjoyNzAwMDAwMDAwMDAwLCJkZWxldGUiOjQ1MDAwMDAwMDAwMDAsInVwZGF0ZSI6MjcwMDAwMDAwMDAwMH19",
          "dependencies": [
            "data.oci_core_images.ubuntu",
            "data.oci_identity_availability_domains.ads",
            "oci_core_internet_gateway.defisys",
            "oci_core_route_table.defisys_public",
            "oci_core_security_list.defisys_public",
            "oci_core_subnet.defisys_public",
            "oci_core_vcn.defisys",
            "oci_identity_compartment.defisys",
            "random_integer.ad_index"
          ]
        }
      ]
    },
    {
      "mode": "managed",
      "type": "oci_core_internet_gateway",
      "name": "defisys",
      "provider": "provider[\"registry.terraform.io/oracle/oci\"]",
      "instances": [
        {
          "schema_version": 0,
          "attributes": {
            "compartment_id": "ocid1.compartment.oc1..aaaaaaaaptbqghnjrpepli2e4xh75ahomy36ureep4ri2cbt2bbjypq6l4ua",
            "defined_tags": {
              "Oracle-Tags.CreatedBy": "default/marcelo.kadats@gmail.com",
              "Oracle-Tags.CreatedOn": "2026-04-11T18:41:47.119Z"
            },
            "display_name": "defisys-igw",
            "enabled": true,
            "freeform_tags": {},
            "id": "ocid1.internetgateway.oc1.iad.aaaaaaaaaayk2q6de3tgt7n22p2n6j3wpq47k425udegs4xoodhyismj4q6q",
            "route_table_id": null,
            "state": "AVAILABLE",
            "time_created": "2026-04-11 18:41:47.154 +0000 UTC",
            "timeouts": null,
            "vcn_id": "ocid1.vcn.oc1.iad.amaaaaaax27rnlqashue2wmls526ufjnw36aszaftfn2aovipdlypencrw2a"
          },
          "sensitive_attributes": [],
          "identity_schema_version": 0,
          "private": "eyJlMmJmYjczMC1lY2FhLTExZTYtOGY4OC0zNDM2M2JjN2M0YzAiOnsiY3JlYXRlIjoxMjAwMDAwMDAwMDAwLCJkZWxldGUiOjEyMDAwMDAwMDAwMDAsInVwZGF0ZSI6MTIwMDAwMDAwMDAwMH19",
          "dependencies": [
            "oci_core_vcn.defisys",
            "oci_identity_compartment.defisys"
          ]
        }
      ]
    },
    {
      "mode": "managed",
      "type": "oci_core_route_table",
      "name": "defisys_public",
      "provider": "provider[\"registry.terraform.io/oracle/oci\"]",
      "instances": [
        {
          "schema_version": 0,
          "attributes": {
            "compartment_id": "ocid1.compartment.oc1..aaaaaaaaptbqghnjrpepli2e4xh75ahomy36ureep4ri2cbt2bbjypq6l4ua",
            "defined_tags": {
              "Oracle-Tags.CreatedBy": "default/marcelo.kadats@gmail.com",
              "Oracle-Tags.CreatedOn": "2026-04-11T18:41:47.815Z"
            },
            "display_name": "defisys-public-rt",
            "freeform_tags": {},
            "id": "ocid1.routetable.oc1.iad.aaaaaaaa3dwamsg6msdn4tjtc3wqbdqxrkjvaldccsup5awt3inbweurf5xa",
            "route_rules": [
              {
                "cidr_block": "",
                "description": "",
                "destination": "0.0.0.0/0",
                "destination_type": "CIDR_BLOCK",
                "network_entity_id": "ocid1.internetgateway.oc1.iad.aaaaaaaaaayk2q6de3tgt7n22p2n6j3wpq47k425udegs4xoodhyismj4q6q",
                "route_type": "STATIC"
              }
            ],
            "state": "AVAILABLE",
            "time_created": "2026-04-11 18:41:47.833 +0000 UTC",
            "timeouts": null,
            "vcn_id": "ocid1.vcn.oc1.iad.amaaaaaax27rnlqashue2wmls526ufjnw36aszaftfn2aovipdlypencrw2a"
          },
          "sensitive_attributes": [],
          "identity_schema_version": 0,
          "private": "eyJlMmJmYjczMC1lY2FhLTExZTYtOGY4OC0zNDM2M2JjN2M0YzAiOnsiY3JlYXRlIjoxMjAwMDAwMDAwMDAwLCJkZWxldGUiOjEyMDAwMDAwMDAwMDAsInVwZGF0ZSI6MTIwMDAwMDAwMDAwMH19",
          "dependencies": [
            "oci_core_internet_gateway.defisys",
            "oci_core_vcn.defisys",
            "oci_identity_compartment.defisys"
          ]
        }
      ]
    },
    {
      "mode": "managed",
      "type": "oci_core_security_list",
      "name": "defisys_public",
      "provider": "provider[\"registry.terraform.io/oracle/oci\"]",
      "instances": [
        {
          "schema_version": 0,
          "attributes": {
            "compartment_id": "ocid1.compartment.oc1..aaaaaaaaptbqghnjrpepli2e4xh75ahomy36ureep4ri2cbt2bbjypq6l4ua",
            "defined_tags": {
              "Oracle-Tags.CreatedBy": "default/marcelo.kadats@gmail.com",
              "Oracle-Tags.CreatedOn": "2026-04-11T18:41:47.572Z"
            },
            "display_name": "defisys-public-sl",
            "egress_security_rules": [
              {
                "description": "",
                "destination": "0.0.0.0/0",
                "destination_type": "CIDR_BLOCK",
                "icmp_options": [],
                "protocol": "all",
                "stateless": false,
                "tcp_options": [],
                "udp_options": []
              }
            ],
            "freeform_tags": {},
            "id": "ocid1.securitylist.oc1.iad.aaaaaaaa2cz4yjni5ddyfmfbrd65vdqixmtqrpsgj5d6v336t3f3exdmh7va",
            "ingress_security_rules": [
              {
                "description": "",
                "icmp_options": [],
                "protocol": "6",
                "source": "189.36.133.192/32",
                "source_type": "CIDR_BLOCK",
                "stateless": false,
                "tcp_options": [
                  {
                    "max": 22,
                    "min": 22,
                    "source_port_range": []
                  }
                ],
                "udp_options": []
              },
              {
                "description": "",
                "icmp_options": [],
                "protocol": "6",
                "source": "189.36.133.192/32",
                "source_type": "CIDR_BLOCK",
                "stateless": false,
                "tcp_options": [
                  {
                    "max": 3000,
                    "min": 3000,
                    "source_port_range": []
                  }
                ],
                "udp_options": []
              },
              {
                "description": "",
                "icmp_options": [],
                "protocol": "6",
                "source": "189.36.133.192/32",
                "source_type": "CIDR_BLOCK",
                "stateless": false,
                "tcp_options": [
                  {
                    "max": 5173,
                    "min": 5173,
                    "source_port_range": []
                  }
                ],
                "udp_options": []
              },
              {
                "description": "",
                "icmp_options": [],
                "protocol": "6",
                "source": "189.36.133.192/32",
                "source_type": "CIDR_BLOCK",
                "stateless": false,
                "tcp_options": [
                  {
                    "max": 5432,
                    "min": 5432,
                    "source_port_range": []
                  }
                ],
                "udp_options": []
              },
              {
                "description": "",
                "icmp_options": [],
                "protocol": "6",
                "source": "189.36.133.192/32",
                "source_type": "CIDR_BLOCK",
                "stateless": false,
                "tcp_options": [
                  {
                    "max": 5433,
                    "min": 5433,
                    "source_port_range": []
                  }
                ],
                "udp_options": []
              },
              {
                "description": "",
                "icmp_options": [],
                "protocol": "6",
                "source": "189.36.133.192/32",
                "source_type": "CIDR_BLOCK",
                "stateless": false,
                "tcp_options": [
                  {
                    "max": 5434,
                    "min": 5434,
                    "source_port_range": []
                  }
                ],
                "udp_options": []
              },
              {
                "description": "",
                "icmp_options": [],
                "protocol": "6",
                "source": "189.36.133.192/32",
                "source_type": "CIDR_BLOCK",
                "stateless": false,
                "tcp_options": [
                  {
                    "max": 8000,
                    "min": 8000,
                    "source_port_range": []
                  }
                ],
                "udp_options": []
              },
              {
                "description": "",
                "icmp_options": [],
                "protocol": "6",
                "source": "191.242.246.147/32",
                "source_type": "CIDR_BLOCK",
                "stateless": false,
                "tcp_options": [
                  {
                    "max": 22,
                    "min": 22,
                    "source_port_range": []
                  }
                ],
                "udp_options": []
              },
              {
                "description": "",
                "icmp_options": [],
                "protocol": "6",
                "source": "191.242.246.147/32",
                "source_type": "CIDR_BLOCK",
                "stateless": false,
                "tcp_options": [
                  {
                    "max": 3000,
                    "min": 3000,
                    "source_port_range": []
                  }
                ],
                "udp_options": []
              },
              {
                "description": "",
                "icmp_options": [],
                "protocol": "6",
                "source": "191.242.246.147/32",
                "source_type": "CIDR_BLOCK",
                "stateless": false,
                "tcp_options": [
                  {
                    "max": 5173,
                    "min": 5173,
                    "source_port_range": []
                  }
                ],
                "udp_options": []
              },
              {
                "description": "",
                "icmp_options": [],
                "protocol": "6",
                "source": "191.242.246.147/32",
                "source_type": "CIDR_BLOCK",
                "stateless": false,
                "tcp_options": [
                  {
                    "max": 5432,
                    "min": 5432,
                    "source_port_range": []
                  }
                ],
                "udp_options": []
              },
              {
                "description": "",
                "icmp_options": [],
                "protocol": "6",
                "source": "191.242.246.147/32",
                "source_type": "CIDR_BLOCK",
                "stateless": false,
                "tcp_options": [
                  {
                    "max": 5433,
                    "min": 5433,
                    "source_port_range": []
                  }
                ],
                "udp_options": []
              },
              {
                "description": "",
                "icmp_options": [],
                "protocol": "6",
                "source": "191.242.246.147/32",
                "source_type": "CIDR_BLOCK",
                "stateless": false,
                "tcp_options": [
                  {
                    "max": 5434,
                    "min": 5434,
                    "source_port_range": []
                  }
                ],
                "udp_options": []
              },
              {
                "description": "",
                "icmp_options": [],
                "protocol": "6",
                "source": "191.242.246.147/32",
                "source_type": "CIDR_BLOCK",
                "stateless": false,
                "tcp_options": [
                  {
                    "max": 8000,
                    "min": 8000,
                    "source_port_range": []
                  }
                ],
                "udp_options": []
              }
            ],
            "state": "AVAILABLE",
            "time_created": "2026-04-11 18:41:47.608 +0000 UTC",
            "timeouts": null,
            "vcn_id": "ocid1.vcn.oc1.iad.amaaaaaax27rnlqashue2wmls526ufjnw36aszaftfn2aovipdlypencrw2a"
          },
          "sensitive_attributes": [],
          "identity_schema_version": 0,
          "private": "eyJlMmJmYjczMC1lY2FhLTExZTYtOGY4OC0zNDM2M2JjN2M0YzAiOnsiY3JlYXRlIjoxMjAwMDAwMDAwMDAwLCJkZWxldGUiOjEyMDAwMDAwMDAwMDAsInVwZGF0ZSI6MTIwMDAwMDAwMDAwMH19",
          "dependencies": [
            "oci_core_vcn.defisys",
            "oci_identity_compartment.defisys"
          ]
        }
      ]
    },
    {
      "mode": "managed",
      "type": "oci_core_subnet",
      "name": "defisys_public",
      "provider": "provider[\"registry.terraform.io/oracle/oci\"]",
      "instances": [
        {
          "schema_version": 0,
          "attributes": {
            "availability_domain": null,
            "cidr_block": "10.0.1.0/24",
            "compartment_id": "ocid1.compartment.oc1..aaaaaaaaptbqghnjrpepli2e4xh75ahomy36ureep4ri2cbt2bbjypq6l4ua",
            "defined_tags": {
              "Oracle-Tags.CreatedBy": "default/marcelo.kadats@gmail.com",
              "Oracle-Tags.CreatedOn": "2026-04-11T18:41:48.558Z"
            },
            "dhcp_options_id": "ocid1.dhcpoptions.oc1.iad.aaaaaaaa5atk454mrszkpxfa6ay6gx6hmxjwui5n2i3jsqtjqhyqgixbpptq",
            "display_name": "defisys-public-subnet",
            "dns_label": null,
            "freeform_tags": {},
            "id": "ocid1.subnet.oc1.iad.aaaaaaaacoppjjgejo5mu3vbworcs6lplnmje24ocbr2uwd3r6x6shirdeca",
            "ipv4cidr_blocks": [
              "10.0.1.0/24"
            ],
            "ipv6cidr_block": null,
            "ipv6cidr_blocks": [],
            "ipv6virtual_router_ip": null,
            "prohibit_internet_ingress": false,
            "prohibit_public_ip_on_vnic": false,
            "route_table_id": "ocid1.routetable.oc1.iad.aaaaaaaa3dwamsg6msdn4tjtc3wqbdqxrkjvaldccsup5awt3inbweurf5xa",
            "security_list_ids": [
              "ocid1.securitylist.oc1.iad.aaaaaaaa2cz4yjni5ddyfmfbrd65vdqixmtqrpsgj5d6v336t3f3exdmh7va"
            ],
            "state": "AVAILABLE",
            "subnet_domain_name": null,
            "time_created": "2026-04-11 18:41:48.601 +0000 UTC",
            "timeouts": null,
            "vcn_id": "ocid1.vcn.oc1.iad.amaaaaaax27rnlqashue2wmls526ufjnw36aszaftfn2aovipdlypencrw2a",
            "virtual_router_ip": "10.0.1.1",
            "virtual_router_mac": "00:00:17:76:67:66"
          },
          "sensitive_attributes": [],
          "identity_schema_version": 0,
          "private": "eyJlMmJmYjczMC1lY2FhLTExZTYtOGY4OC0zNDM2M2JjN2M0YzAiOnsiY3JlYXRlIjoxMjAwMDAwMDAwMDAwLCJkZWxldGUiOjEyMDAwMDAwMDAwMDAsInVwZGF0ZSI6MTIwMDAwMDAwMDAwMH19",
          "dependencies": [
            "oci_core_internet_gateway.defisys",
            "oci_core_route_table.defisys_public",
            "oci_core_security_list.defisys_public",
            "oci_core_vcn.defisys",
            "oci_identity_compartment.defisys"
          ]
        }
      ]
    },
    {
      "mode": "managed",
      "type": "oci_core_vcn",
      "name": "defisys",
      "provider": "provider[\"registry.terraform.io/oracle/oci\"]",
      "instances": [
        {
          "schema_version": 0,
          "attributes": {
            "byoipv6cidr_blocks": [],
            "byoipv6cidr_details": [],
            "cidr_block": "10.0.0.0/16",
            "cidr_blocks": [
              "10.0.0.0/16"
            ],
            "compartment_id": "ocid1.compartment.oc1..aaaaaaaaptbqghnjrpepli2e4xh75ahomy36ureep4ri2cbt2bbjypq6l4ua",
            "default_dhcp_options_id": "ocid1.dhcpoptions.oc1.iad.aaaaaaaa5atk454mrszkpxfa6ay6gx6hmxjwui5n2i3jsqtjqhyqgixbpptq",
            "default_route_table_id": "ocid1.routetable.oc1.iad.aaaaaaaauvpcuxj43zgbzv7i4xf6pdgjrcqfdgdnejwlmgcogpek3xjsdxea",
            "default_security_list_id": "ocid1.securitylist.oc1.iad.aaaaaaaarchacndopz3bln2yyeg2x4knuq6q35yhzksl42qlgoaemvimvjsq",
            "defined_tags": {
              "Oracle-Tags.CreatedBy": "default/marcelo.kadats@gmail.com",
              "Oracle-Tags.CreatedOn": "2026-04-11T18:41:46.180Z"
            },
            "display_name": "defisys-vcn",
            "dns_label": null,
            "freeform_tags": {},
            "id": "ocid1.vcn.oc1.iad.amaaaaaax27rnlqashue2wmls526ufjnw36aszaftfn2aovipdlypencrw2a",
            "ipv6cidr_blocks": [],
            "ipv6private_cidr_blocks": [],
            "is_ipv6enabled": false,
            "is_oracle_gua_allocation_enabled": null,
            "security_attributes": {},
            "state": "AVAILABLE",
            "time_created": "2026-04-11 18:41:46.379 +0000 UTC",
            "timeouts": null,
            "vcn_domain_name": null
          },
          "sensitive_attributes": [],
          "identity_schema_version": 0,
          "private": "eyJlMmJmYjczMC1lY2FhLTExZTYtOGY4OC0zNDM2M2JjN2M0YzAiOnsiY3JlYXRlIjoxMjAwMDAwMDAwMDAwLCJkZWxldGUiOjEyMDAwMDAwMDAwMDAsInVwZGF0ZSI6MTIwMDAwMDAwMDAwMH19",
          "dependencies": [
            "oci_identity_compartment.defisys"
          ]
        }
      ]
    },
    {
      "mode": "managed",
      "type": "oci_identity_compartment",
      "name": "defisys",
      "provider": "provider[\"registry.terraform.io/oracle/oci\"]",
      "instances": [
        {
          "index_key": 0,
          "schema_version": 0,
          "attributes": {
            "compartment_id": "ocid1.tenancy.oc1..aaaaaaaatcvykas37ojkbz4bpgi4igol4vgvpzfvgo3n277zsbvt54tkx52q",
            "defined_tags": {
              "Oracle-Tags.CreatedBy": "default/marcelo.kadats@gmail.com",
              "Oracle-Tags.CreatedOn": "2026-04-11T18:41:36.209Z"
            },
            "description": "Compartment do DefiSys com foco em ganhar dineiro com DeFi na OCI. Criado por Terraform.",
            "enable_delete": false,
            "freeform_tags": {},
            "id": "ocid1.compartment.oc1..aaaaaaaaptbqghnjrpepli2e4xh75ahomy36ureep4ri2cbt2bbjypq6l4ua",
            "inactive_state": null,
            "is_accessible": true,
            "name": "defisys",
            "state": "ACTIVE",
            "time_created": "2026-04-11 18:41:36.243 +0000 UTC",
            "timeouts": null
          },
          "sensitive_attributes": [],
          "identity_schema_version": 0,
          "private": "eyJlMmJmYjczMC1lY2FhLTExZTYtOGY4OC0zNDM2M2JjN2M0YzAiOnsiZGVsZXRlIjo1NDAwMDAwMDAwMDAwfX0="
        }
      ]
    },
    {
      "mode": "managed",
      "type": "random_integer",
      "name": "ad_index",
      "provider": "provider[\"registry.terraform.io/hashicorp/random\"]",
      "instances": [
        {
          "schema_version": 0,
          "attributes": {
            "id": "1",
            "keepers": {
              "seed": "default"
            },
            "max": 2,
            "min": 0,
            "result": 1,
            "seed": null
          },
          "sensitive_attributes": [],
          "identity_schema_version": 0,
          "dependencies": [
            "data.oci_identity_availability_domains.ads"
          ]
        }
      ]
    }
  ],
  "check_results": [
    {
      "object_kind": "check",
      "config_addr": "check.compartment_configuration",
      "status": "pass",
      "objects": [
        {
          "object_addr": "check.compartment_configuration",
          "status": "pass"
        }
      ]
    }
  ]
}
