{
  "version": 4,
  "terraform_version": "1.14.6",
  "serial": 12,
  "lineage": "f2d3250a-6cd3-5f8e-33e4-ef97608f41ea",
  "outputs": {
    "compartment_id": {
      "value": "ocid1.compartment.oc1..aaaaaaaaptbqghnjrpepli2e4xh75ahomy36ureep4ri2cbt2bbjypq6l4ua",
      "type": "string"
    },
    "subnet_id": {
      "value": "ocid1.subnet.oc1.iad.aaaaaaaacoppjjgejo5mu3vbworcs6lplnmje24ocbr2uwd3r6x6shirdeca",
      "type": "string"
    },
    "vcn_id": {
      "value": "ocid1.vcn.oc1.iad.amaaaaaax27rnlqashue2wmls526ufjnw36aszaftfn2aovipdlypencrw2a",
      "type": "string"
    }
  },
  "resources": [
    {
      "mode": "data",
      "type": "oci_core_images",
      "name": "ubuntu",
      "provider": "provider[\"registry.terraform.io/oracle/oci\"]",
      "instances": [
        {
          "schema_version": 0,
          "attributes": {
            "compartment_id": "ocid1.tenancy.oc1..aaaaaaaatcvykas37ojkbz4bpgi4igol4vgvpzfvgo3n277zsbvt54tkx52q",
            "display_name": null,
            "filter": null,
            "id": "CoreImagesDataSource-2421350242",
            "images": [
              {
                "agent_features": [],
                "base_image_id": "",
                "billable_size_in_gbs": "3",
                "compartment_id": "",
                "create_image_allowed": true,
                "defined_tags": {},
                "display_name": "Canonical-Ubuntu-24.04-aarch64-2026.02.28-0",
                "freeform_tags": {},
                "id": "ocid1.image.oc1.iad.aaaaaaaaccnswiekwi4w3pkmygjvfk24epduwj7uvq2smjmznu4kq6dcs27a",
                "image_source_details": [],
                "instance_id": "",
                "launch_mode": "NATIVE",
                "launch_options": [
                  {
                    "boot_volume_type": "PARAVIRTUALIZED",
                    "firmware": "UEFI_64",
                    "is_consistent_volume_naming_enabled": true,
                    "is_pv_encryption_in_transit_enabled": true,
                    "network_type": "PARAVIRTUALIZED",
                    "remote_data_volume_type": "PARAVIRTUALIZED"
                  }
                ],
                "listing_type": "",
                "operating_system": "Canonical Ubuntu",
                "operating_system_version": "24.04",
                "size_in_mbs": "47694",
                "state": "AVAILABLE",
                "time_created": "2026-03-04 23:56:59.816 +0000 UTC"
              },
              {
                "agent_features": [],
                "base_image_id": "",
                "billable_size_in_gbs": "3",
                "compartment_id": "",
                "create_image_allowed": true,
                "defined_tags": {},
                "display_name": "Canonical-Ubuntu-24.04-aarch64-2026.01.29-0",
                "freeform_tags": {},
                "id": "ocid1.image.oc1.iad.aaaaaaaa5hgxi6voge43kultiindj3cbcnsimyatvlmq7wt5sbm6voo2ln3a",
                "image_source_details": [],
                "instance_id": "",
                "launch_mode": "NATIVE",
                "launch_options": [
                  {
                    "boot_volume_type": "PARAVIRTUALIZED",
                    "firmware": "UEFI_64",
                    "is_consistent_volume_naming_enabled": true,
                    "is_pv_encryption_in_transit_enabled": true,
                    "network_type": "PARAVIRTUALIZED",
                    "remote_data_volume_type": "PARAVIRTUALIZED"
                  }
                ],
                "listing_type": "",
                "operating_system": "Canonical Ubuntu",
                "operating_system_version": "24.04",
                "size_in_mbs": "47694",
                "state": "AVAILABLE",
                "time_created": "2026-02-06 18:43:56.398 +0000 UTC"
              },
              {
                "agent_features": [],
                "base_image_id": "",
                "billable_size_in_gbs": "2",
                "compartment_id": "",
                "create_image_allowed": true,
                "defined_tags": {},
                "display_name": "Canonical-Ubuntu-24.04-aarch64-2025.10.31-0",
                "freeform_tags": {},
                "id": "ocid1.image.oc1.iad.aaaaaaaaawgpyvs3zh7tu5343gpj45yqcj6hosrmrgvo5xovc7dvjwgi4vaq",
                "image_source_details": [],
                "instance_id": "",
                "launch_mode": "NATIVE",
                "launch_options": [
                  {
                    "boot_volume_type": "PARAVIRTUALIZED",
                    "firmware": "UEFI_64",
                    "is_consistent_volume_naming_enabled": true,
                    "is_pv_encryption_in_transit_enabled": true,
                    "network_type": "PARAVIRTUALIZED",
                    "remote_data_volume_type": "PARAVIRTUALIZED"
                  }
                ],
                "listing_type": "",
                "operating_system": "Canonical Ubuntu",
                "operating_system_version": "24.04",
                "size_in_mbs": "47694",
                "state": "AVAILABLE",
                "time_created": "2025-11-11 05:23:39.017 +0000 UTC"
              }
            ],
            "operating_system": "Canonical Ubuntu",
            "operating_system_version": "24.04",
            "shape": "VM.Standard.A1.Flex",
            "sort_by": "TIMECREATED",
            "sort_order": "DESC",
            "state": null
          },
          "sensitive_attributes": [],
          "identity_schema_version": 0
        }
      ]
    },
    {
      "mode": "data",
      "type": "oci_identity_availability_domains",
      "name": "ads",
      "provider": "provider[\"registry.terraform.io/oracle/oci\"]",
      "instances": [
        {
          "schema_version": 0,
          "attributes": {
            "availability_domains": [
              {
                "compartment_id": "ocid1.tenancy.oc1..aaaaaaaatcvykas37ojkbz4bpgi4igol4vgvpzfvgo3n277zsbvt54tkx52q",
                "id": "ocid1.availabilitydomain.oc1..aaaaaaaaztunlny6ae4yw2vghp5go2zceaonwp6wiioe3tnh2vlaxjjl2n3a",
                "name": "IgOd:US-ASHBURN-AD-1"
              },
              {
                "compartment_id": "ocid1.tenancy.oc1..aaaaaaaatcvykas37ojkbz4bpgi4igol4vgvpzfvgo3n277zsbvt54tkx52q",
                "id": "ocid1.availabilitydomain.oc1..aaaaaaaatrwxaogr7dl4yschqtrmqrdv6uzis3mgbnomiagqrfhcb7mxsfdq",
                "name": "IgOd:US-ASHBURN-AD-2"
              },
              {
                "compartment_id": "ocid1.tenancy.oc1..aaaaaaaatcvykas37ojkbz4bpgi4igol4vgvpzfvgo3n277zsbvt54tkx52q",
                "id": "ocid1.availabilitydomain.oc1..aaaaaaaauvt2n7pijol7uqgdnnsoojcukrijtmcltvfwxazmitk235wyohta",
                "name": "IgOd:US-ASHBURN-AD-3"
              }
            ],
            "compartment_id": "ocid1.tenancy.oc1..aaaaaaaatcvykas37ojkbz4bpgi4igol4vgvpzfvgo3n277zsbvt54tkx52q",
            "filter": null,
            "id": "IdentityAvailabilityDomainsDataSource-2170034021"
          },
          "sensitive_attributes": [],
          "identity_schema_version": 0
        }
      ]
    },
    {
      "mode": "managed",
      "type": "oci_core_internet_gateway",
      "name": "defisys",
      "provider": "provider[\"registry.terraform.io/oracle/oci\"]",
      "instances": [
        {
          "schema_version": 0,
          "attributes": {
            "compartment_id": "ocid1.compartment.oc1..aaaaaaaaptbqghnjrpepli2e4xh75ahomy36ureep4ri2cbt2bbjypq6l4ua",
            "defined_tags": {
              "Oracle-Tags.CreatedBy": "default/marcelo.kadats@gmail.com",
              "Oracle-Tags.CreatedOn": "2026-04-11T18:41:47.119Z"
            },
            "display_name": "defisys-igw",
            "enabled": true,
            "freeform_tags": {},
            "id": "ocid1.internetgateway.oc1.iad.aaaaaaaaaayk2q6de3tgt7n22p2n6j3wpq47k425udegs4xoodhyismj4q6q",
            "route_table_id": null,
            "state": "AVAILABLE",
            "time_created": "2026-04-11 18:41:47.154 +0000 UTC",
            "timeouts": null,
            "vcn_id": "ocid1.vcn.oc1.iad.amaaaaaax27rnlqashue2wmls526ufjnw36aszaftfn2aovipdlypencrw2a"
          },
          "sensitive_attributes": [],
          "identity_schema_version": 0,
          "private": "eyJlMmJmYjczMC1lY2FhLTExZTYtOGY4OC0zNDM2M2JjN2M0YzAiOnsiY3JlYXRlIjoxMjAwMDAwMDAwMDAwLCJkZWxldGUiOjEyMDAwMDAwMDAwMDAsInVwZGF0ZSI6MTIwMDAwMDAwMDAwMH19",
          "dependencies": [
            "oci_core_vcn.defisys",
            "oci_identity_compartment.defisys"
          ]
        }
      ]
    },
    {
      "mode": "managed",
      "type": "oci_core_route_table",
      "name": "defisys_public",
      "provider": "provider[\"registry.terraform.io/oracle/oci\"]",
      "instances": [
        {
          "schema_version": 0,
          "attributes": {
            "compartment_id": "ocid1.compartment.oc1..aaaaaaaaptbqghnjrpepli2e4xh75ahomy36ureep4ri2cbt2bbjypq6l4ua",
            "defined_tags": {
              "Oracle-Tags.CreatedBy": "default/marcelo.kadats@gmail.com",
              "Oracle-Tags.CreatedOn": "2026-04-11T18:41:47.815Z"
            },
            "display_name": "defisys-public-rt",
            "freeform_tags": {},
            "id": "ocid1.routetable.oc1.iad.aaaaaaaa3dwamsg6msdn4tjtc3wqbdqxrkjvaldccsup5awt3inbweurf5xa",
            "route_rules": [
              {
                "cidr_block": "",
                "description": "",
                "destination": "0.0.0.0/0",
                "destination_type": "CIDR_BLOCK",
                "network_entity_id": "ocid1.internetgateway.oc1.iad.aaaaaaaaaayk2q6de3tgt7n22p2n6j3wpq47k425udegs4xoodhyismj4q6q",
                "route_type": "STATIC"
              }
            ],
            "state": "AVAILABLE",
            "time_created": "2026-04-11 18:41:47.833 +0000 UTC",
            "timeouts": null,
            "vcn_id": "ocid1.vcn.oc1.iad.amaaaaaax27rnlqashue2wmls526ufjnw36aszaftfn2aovipdlypencrw2a"
          },
          "sensitive_attributes": [],
          "identity_schema_version": 0,
          "private": "eyJlMmJmYjczMC1lY2FhLTExZTYtOGY4OC0zNDM2M2JjN2M0YzAiOnsiY3JlYXRlIjoxMjAwMDAwMDAwMDAwLCJkZWxldGUiOjEyMDAwMDAwMDAwMDAsInVwZGF0ZSI6MTIwMDAwMDAwMDAwMH19",
          "dependencies": [
            "oci_core_internet_gateway.defisys",
            "oci_core_vcn.defisys",
            "oci_identity_compartment.defisys"
          ]
        }
      ]
    },
    {
      "mode": "managed",
      "type": "oci_core_security_list",
      "name": "defisys_public",
      "provider": "provider[\"registry.terraform.io/oracle/oci\"]",
      "instances": [
        {
          "schema_version": 0,
          "attributes": {
            "compartment_id": "ocid1.compartment.oc1..aaaaaaaaptbqghnjrpepli2e4xh75ahomy36ureep4ri2cbt2bbjypq6l4ua",
            "defined_tags": {
              "Oracle-Tags.CreatedBy": "default/marcelo.kadats@gmail.com",
              "Oracle-Tags.CreatedOn": "2026-04-11T18:41:47.572Z"
            },
            "display_name": "defisys-public-sl",
            "egress_security_rules": [
              {
                "description": "",
                "destination": "0.0.0.0/0",
                "destination_type": "CIDR_BLOCK",
                "icmp_options": [],
                "protocol": "all",
                "stateless": false,
                "tcp_options": [],
                "udp_options": []
              }
            ],
            "freeform_tags": {},
            "id": "ocid1.securitylist.oc1.iad.aaaaaaaa2cz4yjni5ddyfmfbrd65vdqixmtqrpsgj5d6v336t3f3exdmh7va",
            "ingress_security_rules": [
              {
                "description": "",
                "icmp_options": [],
                "protocol": "6",
                "source": "0.0.0.0/0",
                "source_type": "CIDR_BLOCK",
                "stateless": false,
                "tcp_options": [
                  {
                    "max": 443,
                    "min": 443,
                    "source_port_range": []
                  }
                ],
                "udp_options": []
              },
              {
                "description": "",
                "icmp_options": [],
                "protocol": "6",
                "source": "0.0.0.0/0",
                "source_type": "CIDR_BLOCK",
                "stateless": false,
                "tcp_options": [
                  {
                    "max": 80,
                    "min": 80,
                    "source_port_range": []
                  }
                ],
                "udp_options": []
              },
              {
                "description": "",
                "icmp_options": [],
                "protocol": "6",
                "source": "189.36.133.192/32",
                "source_type": "CIDR_BLOCK",
                "stateless": false,
                "tcp_options": [
                  {
                    "max": 22,
                    "min": 22,
                    "source_port_range": []
                  }
                ],
                "udp_options": []
              },
              {
                "description": "",
                "icmp_options": [],
                "protocol": "6",
                "source": "193.186.4.239/32",
                "source_type": "CIDR_BLOCK",
                "stateless": false,
                "tcp_options": [
                  {
                    "max": 22,
                    "min": 22,
                    "source_port_range": []
                  }
                ],
                "udp_options": []
              }
            ],
            "state": "AVAILABLE",
            "time_created": "2026-04-11 18:41:47.608 +0000 UTC",
            "timeouts": null,
            "vcn_id": "ocid1.vcn.oc1.iad.amaaaaaax27rnlqashue2wmls526ufjnw36aszaftfn2aovipdlypencrw2a"
          },
          "sensitive_attributes": [],
          "identity_schema_version": 0,
          "private": "eyJlMmJmYjczMC1lY2FhLTExZTYtOGY4OC0zNDM2M2JjN2M0YzAiOnsiY3JlYXRlIjoxMjAwMDAwMDAwMDAwLCJkZWxldGUiOjEyMDAwMDAwMDAwMDAsInVwZGF0ZSI6MTIwMDAwMDAwMDAwMH19",
          "dependencies": [
            "oci_core_vcn.defisys",
            "oci_identity_compartment.defisys"
          ]
        }
      ]
    },
    {
      "mode": "managed",
      "type": "oci_core_subnet",
      "name": "defisys_public",
      "provider": "provider[\"registry.terraform.io/oracle/oci\"]",
      "instances": [
        {
          "schema_version": 0,
          "attributes": {
            "availability_domain": null,
            "cidr_block": "10.0.1.0/24",
            "compartment_id": "ocid1.compartment.oc1..aaaaaaaaptbqghnjrpepli2e4xh75ahomy36ureep4ri2cbt2bbjypq6l4ua",
            "defined_tags": {
              "Oracle-Tags.CreatedBy": "default/marcelo.kadats@gmail.com",
              "Oracle-Tags.CreatedOn": "2026-04-11T18:41:48.558Z"
            },
            "dhcp_options_id": "ocid1.dhcpoptions.oc1.iad.aaaaaaaa5atk454mrszkpxfa6ay6gx6hmxjwui5n2i3jsqtjqhyqgixbpptq",
            "display_name": "defisys-public-subnet",
            "dns_label": null,
            "freeform_tags": {},
            "id": "ocid1.subnet.oc1.iad.aaaaaaaacoppjjgejo5mu3vbworcs6lplnmje24ocbr2uwd3r6x6shirdeca",
            "ipv4cidr_blocks": [
              "10.0.1.0/24"
            ],
            "ipv6cidr_block": null,
            "ipv6cidr_blocks": [],
            "ipv6virtual_router_ip": null,
            "prohibit_internet_ingress": false,
            "prohibit_public_ip_on_vnic": false,
            "route_table_id": "ocid1.routetable.oc1.iad.aaaaaaaa3dwamsg6msdn4tjtc3wqbdqxrkjvaldccsup5awt3inbweurf5xa",
            "security_list_ids": [
              "ocid1.securitylist.oc1.iad.aaaaaaaa2cz4yjni5ddyfmfbrd65vdqixmtqrpsgj5d6v336t3f3exdmh7va"
            ],
            "state": "AVAILABLE",
            "subnet_domain_name": null,
            "time_created": "2026-04-11 18:41:48.601 +0000 UTC",
            "timeouts": null,
            "vcn_id": "ocid1.vcn.oc1.iad.amaaaaaax27rnlqashue2wmls526ufjnw36aszaftfn2aovipdlypencrw2a",
            "virtual_router_ip": "10.0.1.1",
            "virtual_router_mac": "00:00:17:76:67:66"
          },
          "sensitive_attributes": [],
          "identity_schema_version": 0,
          "private": "eyJlMmJmYjczMC1lY2FhLTExZTYtOGY4OC0zNDM2M2JjN2M0YzAiOnsiY3JlYXRlIjoxMjAwMDAwMDAwMDAwLCJkZWxldGUiOjEyMDAwMDAwMDAwMDAsInVwZGF0ZSI6MTIwMDAwMDAwMDAwMH19",
          "dependencies": [
            "oci_core_internet_gateway.defisys",
            "oci_core_route_table.defisys_public",
            "oci_core_security_list.defisys_public",
            "oci_core_vcn.defisys",
            "oci_identity_compartment.defisys"
          ]
        }
      ]
    },
    {
      "mode": "managed",
      "type": "oci_core_vcn",
      "name": "defisys",
      "provider": "provider[\"registry.terraform.io/oracle/oci\"]",
      "instances": [
        {
          "schema_version": 0,
          "attributes": {
            "byoipv6cidr_blocks": [],
            "byoipv6cidr_details": [],
            "cidr_block": "10.0.0.0/16",
            "cidr_blocks": [
              "10.0.0.0/16"
            ],
            "compartment_id": "ocid1.compartment.oc1..aaaaaaaaptbqghnjrpepli2e4xh75ahomy36ureep4ri2cbt2bbjypq6l4ua",
            "default_dhcp_options_id": "ocid1.dhcpoptions.oc1.iad.aaaaaaaa5atk454mrszkpxfa6ay6gx6hmxjwui5n2i3jsqtjqhyqgixbpptq",
            "default_route_table_id": "ocid1.routetable.oc1.iad.aaaaaaaauvpcuxj43zgbzv7i4xf6pdgjrcqfdgdnejwlmgcogpek3xjsdxea",
            "default_security_list_id": "ocid1.securitylist.oc1.iad.aaaaaaaarchacndopz3bln2yyeg2x4knuq6q35yhzksl42qlgoaemvimvjsq",
            "defined_tags": {
              "Oracle-Tags.CreatedBy": "default/marcelo.kadats@gmail.com",
              "Oracle-Tags.CreatedOn": "2026-04-11T18:41:46.180Z"
            },
            "display_name": "defisys-vcn",
            "dns_label": null,
            "freeform_tags": {},
            "id": "ocid1.vcn.oc1.iad.amaaaaaax27rnlqashue2wmls526ufjnw36aszaftfn2aovipdlypencrw2a",
            "ipv6cidr_blocks": [],
            "ipv6private_cidr_blocks": [],
            "is_ipv6enabled": false,
            "is_oracle_gua_allocation_enabled": null,
            "security_attributes": {},
            "state": "AVAILABLE",
            "time_created": "2026-04-11 18:41:46.379 +0000 UTC",
            "timeouts": null,
            "vcn_domain_name": null
          },
          "sensitive_attributes": [],
          "identity_schema_version": 0,
          "private": "eyJlMmJmYjczMC1lY2FhLTExZTYtOGY4OC0zNDM2M2JjN2M0YzAiOnsiY3JlYXRlIjoxMjAwMDAwMDAwMDAwLCJkZWxldGUiOjEyMDAwMDAwMDAwMDAsInVwZGF0ZSI6MTIwMDAwMDAwMDAwMH19",
          "dependencies": [
            "oci_identity_compartment.defisys"
          ]
        }
      ]
    },
    {
      "mode": "managed",
      "type": "oci_identity_compartment",
      "name": "defisys",
      "provider": "provider[\"registry.terraform.io/oracle/oci\"]",
      "instances": [
        {
          "index_key": 0,
          "schema_version": 0,
          "attributes": {
            "compartment_id": "ocid1.tenancy.oc1..aaaaaaaatcvykas37ojkbz4bpgi4igol4vgvpzfvgo3n277zsbvt54tkx52q",
            "defined_tags": {
              "Oracle-Tags.CreatedBy": "default/marcelo.kadats@gmail.com",
              "Oracle-Tags.CreatedOn": "2026-04-11T18:41:36.209Z"
            },
            "description": "Compartment do DefiSys com foco em ganhar dineiro com DeFi na OCI. Criado por Terraform.",
            "enable_delete": false,
            "freeform_tags": {},
            "id": "ocid1.compartment.oc1..aaaaaaaaptbqghnjrpepli2e4xh75ahomy36ureep4ri2cbt2bbjypq6l4ua",
            "inactive_state": null,
            "is_accessible": true,
            "name": "defisys",
            "state": "ACTIVE",
            "time_created": "2026-04-11 18:41:36.243 +0000 UTC",
            "timeouts": null
          },
          "sensitive_attributes": [],
          "identity_schema_version": 0,
          "private": "eyJlMmJmYjczMC1lY2FhLTExZTYtOGY4OC0zNDM2M2JjN2M0YzAiOnsiZGVsZXRlIjo1NDAwMDAwMDAwMDAwfX0="
        }
      ]
    },
    {
      "mode": "managed",
      "type": "random_integer",
      "name": "ad_index",
      "provider": "provider[\"registry.terraform.io/hashicorp/random\"]",
      "instances": [
        {
          "schema_version": 0,
          "attributes": {
            "id": "1",
            "keepers": {
              "seed": "default"
            },
            "max": 2,
            "min": 0,
            "result": 1,
            "seed": null
          },
          "sensitive_attributes": [],
          "identity_schema_version": 0,
          "dependencies": [
            "data.oci_identity_availability_domains.ads"
          ]
        }
      ]
    }
  ],
  "check_results": [
    {
      "object_kind": "check",
      "config_addr": "check.compartment_configuration",
      "status": "unknown",
      "objects": null
    }
  ]
}
